
Microsoft Visual Studio Solution File, Format Version 12.00
# Visual Studio Version 17
VisualStudioVersion = 17.11.35222.181
MinimumVisualStudioVersion = 10.0.40219.1
Project("{FAE04EC0-301F-11D3-BF4B-00C04F79EFBC}") = "Snake", "Snake\Snake.csproj", "{581AF852-990A-4AEE-8533-F86BC3D0D634}"
EndProject
Global
	GlobalSection(SolutionConfigurationPlatforms) = preSolution
		Debug|Any CPU = Debug|Any CPU
		Release|Any CPU = Release|Any CPU
	EndGlobalSection
	GlobalSection(ProjectConfigurationPlatforms) = postSolution
		{581AF852-990A-4AEE-8533-F86BC3D0D634}.Debug|Any CPU.ActiveCfg = Debug|Any CPU
		{581AF852-990A-4AEE-8533-F86BC3D0D634}.Debug|Any CPU.Build.0 = Debug|Any CPU
		{581AF852-990A-4AEE-8533-F86BC3D0D634}.Release|Any CPU.ActiveCfg = Release|Any CPU
		{581AF852-990A-4AEE-8533-F86BC3D0D634}.Release|Any CPU.Build.0 = Release|Any CPU
	EndGlobalSection
	GlobalSection(SolutionProperties) = preSolution
		HideSolutionNode = FALSE
	EndGlobalSection
	GlobalSection(ExtensibilityGlobals) = postSolution
		SolutionGuid = {288097D7-3515-482E-921A-F10135A335C1}
	EndGlobalSection
EndGlobal
